
Microsoft Visual Studio Solution File, Format Version 12.00
# Visual Studio Version 17
VisualStudioVersion = 17.2.32630.192
MinimumVisualStudioVersion = 10.0.40219.1
Project("{FAE04EC0-301F-11D3-BF4B-00C04F79EFBC}") = "PacificOilTools", "PacificOilTools\PacificOilTools.csproj", "{1FED84DB-5899-47BA-9F89-B44386A9617E}"
EndProject
Global
	GlobalSection(SolutionConfigurationPlatforms) = preSolution
		Debug|Any CPU = Debug|Any CPU
		Release|Any CPU = Release|Any CPU
	EndGlobalSection
	GlobalSection(ProjectConfigurationPlatforms) = postSolution
		{1FED84DB-5899-47BA-9F89-B44386A9617E}.Debug|Any CPU.ActiveCfg = Debug|Any CPU
		{1FED84DB-5899-47BA-9F89-B44386A9617E}.Debug|Any CPU.Build.0 = Debug|Any CPU
		{1FED84DB-5899-47BA-9F89-B44386A9617E}.Release|Any CPU.ActiveCfg = Release|Any CPU
		{1FED84DB-5899-47BA-9F89-B44386A9617E}.Release|Any CPU.Build.0 = Release|Any CPU
	EndGlobalSection
	GlobalSection(SolutionProperties) = preSolution
		HideSolutionNode = FALSE
	EndGlobalSection
	GlobalSection(ExtensibilityGlobals) = postSolution
		SolutionGuid = {E774B77C-F838-46B9-B535-5E0B1C901632}
	EndGlobalSection
EndGlobal
